
Microsoft Visual Studio Solution File, Format Version 12.00
# Visual Studio Version 16
VisualStudioVersion = 16.0.29025.244
MinimumVisualStudioVersion = 10.0.40219.1
Project("{FAE04EC0-301F-11D3-BF4B-00C04F79EFBC}") = "ChatOnline", "ChatOnline\ChatOnline.csproj", "{28FB25A2-3BB9-4E23-A650-CA52577105DE}"
EndProject
Global
	GlobalSection(SolutionConfigurationPlatforms) = preSolution
		Debug|Any CPU = Debug|Any CPU
		Release|Any CPU = Release|Any CPU
	EndGlobalSection
	GlobalSection(ProjectConfigurationPlatforms) = postSolution
		{28FB25A2-3BB9-4E23-A650-CA52577105DE}.Debug|Any CPU.ActiveCfg = Debug|Any CPU
		{28FB25A2-3BB9-4E23-A650-CA52577105DE}.Debug|Any CPU.Build.0 = Debug|Any CPU
		{28FB25A2-3BB9-4E23-A650-CA52577105DE}.Release|Any CPU.ActiveCfg = Release|Any CPU
		{28FB25A2-3BB9-4E23-A650-CA52577105DE}.Release|Any CPU.Build.0 = Release|Any CPU
	EndGlobalSection
	GlobalSection(SolutionProperties) = preSolution
		HideSolutionNode = FALSE
	EndGlobalSection
	GlobalSection(ExtensibilityGlobals) = postSolution
		SolutionGuid = {2E7EF79F-2531-48C1-A133-0D0C8FCDF4D0}
	EndGlobalSection
EndGlobal
